
Microsoft Visual Studio Solution File, Format Version 12.00
# Visual Studio Version 17
VisualStudioVersion = 17.9.34728.123
MinimumVisualStudioVersion = 10.0.40219.1
Project("{FAE04EC0-301F-11D3-BF4B-00C04F79EFBC}") = "Assesment1", "Assesment1\Assesment1.csproj", "{DB5CDF80-6141-4248-864B-B8357F788C80}"
EndProject
Global
	GlobalSection(SolutionConfigurationPlatforms) = preSolution
		Debug|Any CPU = Debug|Any CPU
		Release|Any CPU = Release|Any CPU
	EndGlobalSection
	GlobalSection(ProjectConfigurationPlatforms) = postSolution
		{DB5CDF80-6141-4248-864B-B8357F788C80}.Debug|Any CPU.ActiveCfg = Debug|Any CPU
		{DB5CDF80-6141-4248-864B-B8357F788C80}.Debug|Any CPU.Build.0 = Debug|Any CPU
		{DB5CDF80-6141-4248-864B-B8357F788C80}.Release|Any CPU.ActiveCfg = Release|Any CPU
		{DB5CDF80-6141-4248-864B-B8357F788C80}.Release|Any CPU.Build.0 = Release|Any CPU
	EndGlobalSection
	GlobalSection(SolutionProperties) = preSolution
		HideSolutionNode = FALSE
	EndGlobalSection
	GlobalSection(ExtensibilityGlobals) = postSolution
		SolutionGuid = {501C5782-64AA-4B9A-90DC-2EF26AAFF5D8}
	EndGlobalSection
EndGlobal
